
Microsoft Visual Studio Solution File, Format Version 12.00
# Visual Studio Version 17
VisualStudioVersion = 17.9.34728.123
MinimumVisualStudioVersion = 10.0.40219.1
Project("{9A19103F-16F7-4668-BE54-9A1E7A4F7556}") = "PetShop", "PetShop.csproj", "{D7DFDD99-CBF8-441D-BBA2-F0374F60B60E}"
EndProject
Project("{FAE04EC0-301F-11D3-BF4B-00C04F79EFBC}") = "PetShop.Core", "..\PetShop.Core\PetShop.Core.csproj", "{D82D17A5-9220-473A-9293-871F5BF45EE9}"
EndProject
Project("{FAE04EC0-301F-11D3-BF4B-00C04F79EFBC}") = "PetShop.Data", "..\PetShop.Data\PetShop.Data.csproj", "{6252D916-B992-4220-B349-C78AA6A514B4}"
EndProject
Project("{FAE04EC0-301F-11D3-BF4B-00C04F79EFBC}") = "PetShop.Business", "..\PetShop.Business\PetShop.Business.csproj", "{2BB906A8-E733-4CDE-A078-414C44D4AD7D}"
EndProject
Global
	GlobalSection(SolutionConfigurationPlatforms) = preSolution
		Debug|Any CPU = Debug|Any CPU
		Release|Any CPU = Release|Any CPU
	EndGlobalSection
	GlobalSection(ProjectConfigurationPlatforms) = postSolution
		{D7DFDD99-CBF8-441D-BBA2-F0374F60B60E}.Debug|Any CPU.ActiveCfg = Debug|Any CPU
		{D7DFDD99-CBF8-441D-BBA2-F0374F60B60E}.Debug|Any CPU.Build.0 = Debug|Any CPU
		{D7DFDD99-CBF8-441D-BBA2-F0374F60B60E}.Release|Any CPU.ActiveCfg = Release|Any CPU
		{D7DFDD99-CBF8-441D-BBA2-F0374F60B60E}.Release|Any CPU.Build.0 = Release|Any CPU
		{D82D17A5-9220-473A-9293-871F5BF45EE9}.Debug|Any CPU.ActiveCfg = Debug|Any CPU
		{D82D17A5-9220-473A-9293-871F5BF45EE9}.Debug|Any CPU.Build.0 = Debug|Any CPU
		{D82D17A5-9220-473A-9293-871F5BF45EE9}.Release|Any CPU.ActiveCfg = Release|Any CPU
		{D82D17A5-9220-473A-9293-871F5BF45EE9}.Release|Any CPU.Build.0 = Release|Any CPU
		{6252D916-B992-4220-B349-C78AA6A514B4}.Debug|Any CPU.ActiveCfg = Debug|Any CPU
		{6252D916-B992-4220-B349-C78AA6A514B4}.Debug|Any CPU.Build.0 = Debug|Any CPU
		{6252D916-B992-4220-B349-C78AA6A514B4}.Release|Any CPU.ActiveCfg = Release|Any CPU
		{6252D916-B992-4220-B349-C78AA6A514B4}.Release|Any CPU.Build.0 = Release|Any CPU
		{2BB906A8-E733-4CDE-A078-414C44D4AD7D}.Debug|Any CPU.ActiveCfg = Debug|Any CPU
		{2BB906A8-E733-4CDE-A078-414C44D4AD7D}.Debug|Any CPU.Build.0 = Debug|Any CPU
		{2BB906A8-E733-4CDE-A078-414C44D4AD7D}.Release|Any CPU.ActiveCfg = Release|Any CPU
		{2BB906A8-E733-4CDE-A078-414C44D4AD7D}.Release|Any CPU.Build.0 = Release|Any CPU
	EndGlobalSection
	GlobalSection(SolutionProperties) = preSolution
		HideSolutionNode = FALSE
	EndGlobalSection
	GlobalSection(ExtensibilityGlobals) = postSolution
		SolutionGuid = {57AD5B34-BF16-4DFC-9730-92E754B8F3C1}
	EndGlobalSection
EndGlobal
